
Microsoft Visual Studio Solution File, Format Version 12.00
# Visual Studio Version 16
VisualStudioVersion = 16.0.30503.244
MinimumVisualStudioVersion = 10.0.40219.1
Project("{FAE04EC0-301F-11D3-BF4B-00C04F79EFBC}") = "app1", "app1\app1.csproj", "{1EEA70BD-6244-42E4-83F3-354C359E61A5}"
EndProject
Global
	GlobalSection(SolutionConfigurationPlatforms) = preSolution
		Debug|Any CPU = Debug|Any CPU
		Release|Any CPU = Release|Any CPU
	EndGlobalSection
	GlobalSection(ProjectConfigurationPlatforms) = postSolution
		{1EEA70BD-6244-42E4-83F3-354C359E61A5}.Debug|Any CPU.ActiveCfg = Debug|Any CPU
		{1EEA70BD-6244-42E4-83F3-354C359E61A5}.Debug|Any CPU.Build.0 = Debug|Any CPU
		{1EEA70BD-6244-42E4-83F3-354C359E61A5}.Debug|Any CPU.Deploy.0 = Debug|Any CPU
		{1EEA70BD-6244-42E4-83F3-354C359E61A5}.Release|Any CPU.ActiveCfg = Release|Any CPU
		{1EEA70BD-6244-42E4-83F3-354C359E61A5}.Release|Any CPU.Build.0 = Release|Any CPU
		{1EEA70BD-6244-42E4-83F3-354C359E61A5}.Release|Any CPU.Deploy.0 = Release|Any CPU
	EndGlobalSection
	GlobalSection(SolutionProperties) = preSolution
		HideSolutionNode = FALSE
	EndGlobalSection
	GlobalSection(ExtensibilityGlobals) = postSolution
		SolutionGuid = {7E7A9034-D0D6-4152-B6F4-1F02A06F5EF0}
	EndGlobalSection
EndGlobal
